# This file is automatically @generated by Cargo.
# It is not intended for manual editing.
version = 3

[[package]]
name = "anyhow"
version = "1.0.57"
source = "registry+https://github.com/rust-lang/crates.io-index"
checksum = "08f9b8508dccb7687a1d6c4ce66b2b0ecef467c94667de27d8d7fe1f8d2a9cdc"

[[package]]
name = "bech32"
version = "0.8.1"
source = "registry+https://github.com/rust-lang/crates.io-index"
checksum = "cf9ff0bbfd639f15c74af777d81383cf53efb7c93613f6cab67c6c11e05bbf8b"

[[package]]
name = "bitcoin"
version = "0.28.1"
source = "registry+https://github.com/rust-lang/crates.io-index"
checksum = "05bba324e6baf655b882df672453dbbc527bc938cadd27750ae510aaccc3a66a"
dependencies = [
 "bech32",
 "bitcoin_hashes",
 "secp256k1",
]

[[package]]
name = "bitcoin_hashes"
version = "0.10.0"
source = "registry+https://github.com/rust-lang/crates.io-index"
checksum = "006cc91e1a1d99819bc5b8214be3555c1f0611b169f527a1fdc54ed1f2b745b0"

[[package]]
name = "cc"
version = "1.0.73"
source = "registry+https://github.com/rust-lang/crates.io-index"
checksum = "2fff2a6927b3bb87f9595d67196a70493f627687a71d87a0d692242c33f58c11"

[[package]]
name = "hermit-abi"
version = "0.1.19"
source = "registry+https://github.com/rust-lang/crates.io-index"
checksum = "62b467343b94ba476dcb2500d242dadbb39557df889310ac77c5d99100aaac33"
dependencies = [
 "libc",
]

[[package]]
name = "libc"
version = "0.2.126"
source = "registry+https://github.com/rust-lang/crates.io-index"
checksum = "349d5a591cd28b49e1d1037471617a32ddcda5731b99419008085f72d5a53836"

[[package]]
name = "miniscript"
version = "7.0.0"
source = "registry+https://github.com/rust-lang/crates.io-index"
checksum = "da39fc7a8adea97a677337b0091779dd86349226b869053af496584a9b9e5847"
dependencies = [
 "bitcoin",
]

[[package]]
name = "num_cpus"
version = "1.13.1"
source = "registry+https://github.com/rust-lang/crates.io-index"
checksum = "19e64526ebdee182341572e50e9ad03965aa510cd94427a4549448f285e957a1"
dependencies = [
 "hermit-abi",
 "libc",
]

[[package]]
name = "secp256k1"
version = "0.22.1"
source = "registry+https://github.com/rust-lang/crates.io-index"
checksum = "26947345339603ae8395f68e2f3d85a6b0a8ddfe6315818e80b8504415099db0"
dependencies = [
 "secp256k1-sys",
]

[[package]]
name = "secp256k1-sys"
version = "0.5.2"
source = "registry+https://github.com/rust-lang/crates.io-index"
checksum = "152e20a0fd0519390fc43ab404663af8a0b794273d2a91d60ad4a39f13ffe110"
dependencies = [
 "cc",
]

[[package]]
name = "vanity_descriptors"
version = "0.1.0"
dependencies = [
 "anyhow",
 "bitcoin",
 "miniscript",
 "num_cpus",
]
